// !$*UTF8*$!
{
	archiveVersion = 1;
	classes = {
	};
	objectVersion = 50;
	objects = {

/* Begin PBXBuildFile section */
		04154594222EDB5200A00335 /* AppDelegate.swift in Sources */ = {isa = PBXBuildFile; fileRef = 04154593222EDB5200A00335 /* AppDelegate.swift */; };
		04154596222EDB5200A00335 /* CountryDetailsViewController.swift in Sources */ = {isa = PBXBuildFile; fileRef = 04154595222EDB5200A00335 /* CountryDetailsViewController.swift */; };
		0415459B222EDB5400A00335 /* Assets.xcassets in Resources */ = {isa = PBXBuildFile; fileRef = 0415459A222EDB5400A00335 /* Assets.xcassets */; };
		0415459E222EDB5400A00335 /* LaunchScreen.storyboard in Resources */ = {isa = PBXBuildFile; fileRef = 0415459C222EDB5400A00335 /* LaunchScreen.storyboard */; };
		041545AC22302DB900A00335 /* TestTests.swift in Sources */ = {isa = PBXBuildFile; fileRef = 041545AB22302DB900A00335 /* TestTests.swift */; };
		041545B52230DD3B00A00335 /* Constant.swift in Sources */ = {isa = PBXBuildFile; fileRef = 041545B42230DD3B00A00335 /* Constant.swift */; };
		2DE0E6A246FCCDC39698B72E /* Pods_Test.framework in Frameworks */ = {isa = PBXBuildFile; fileRef = 43D71147D278AE45563D6104 /* Pods_Test.framework */; };
		5BCC47EF222FA26500F5E3FE /* WebService.swift in Sources */ = {isa = PBXBuildFile; fileRef = 5BCC47EE222FA26500F5E3FE /* WebService.swift */; };
		5BCC47F1222FA30A00F5E3FE /* Reachability.swift in Sources */ = {isa = PBXBuildFile; fileRef = 5BCC47F0222FA30A00F5E3FE /* Reachability.swift */; };
		5BCC47F4222FA51500F5E3FE /* CountryDetails.swift in Sources */ = {isa = PBXBuildFile; fileRef = 5BCC47F3222FA51500F5E3FE /* CountryDetails.swift */; };
		5BCC47F7222FF1E000F5E3FE /* ProgressHUD.swift in Sources */ = {isa = PBXBuildFile; fileRef = 5BCC47F6222FF1E000F5E3FE /* ProgressHUD.swift */; };
		5BCC47F9222FF24F00F5E3FE /* ITUIImageView.swift in Sources */ = {isa = PBXBuildFile; fileRef = 5BCC47F8222FF24F00F5E3FE /* ITUIImageView.swift */; };
		5BCC47FC223002AB00F5E3FE /* CountryDetailsTableViewCell.swift in Sources */ = {isa = PBXBuildFile; fileRef = 5BCC47FB223002AB00F5E3FE /* CountryDetailsTableViewCell.swift */; };
		5BEB9C112230F58400E2BC8B /* ImageCache.swift in Sources */ = {isa = PBXBuildFile; fileRef = 5BEB9C102230F58400E2BC8B /* ImageCache.swift */; };
/* End PBXBuildFile section */

/* Begin PBXContainerItemProxy section */
		041545AE22302DB900A00335 /* PBXContainerItemProxy */ = {
			isa = PBXContainerItemProxy;
			containerPortal = 04154588222EDB5200A00335 /* Project object */;
			proxyType = 1;
			remoteGlobalIDString = 0415458F222EDB5200A00335;
			remoteInfo = Test;
		};
/* End PBXContainerItemProxy section */

/* Begin PBXFileReference section */
		04154590222EDB5200A00335 /* Test.app */ = {isa = PBXFileReference; explicitFileType = wrapper.application; includeInIndex = 0; path = Test.app; sourceTree = BUILT_PRODUCTS_DIR; };
		04154593222EDB5200A00335 /* AppDelegate.swift */ = {isa = PBXFileReference; lastKnownFileType = sourcecode.swift; path = AppDelegate.swift; sourceTree = "<group>"; };
		04154595222EDB5200A00335 /* CountryDetailsViewController.swift */ = {isa = PBXFileReference; lastKnownFileType = sourcecode.swift; path = CountryDetailsViewController.swift; sourceTree = "<group>"; };
		0415459A222EDB5400A00335 /* Assets.xcassets */ = {isa = PBXFileReference; lastKnownFileType = folder.assetcatalog; path = Assets.xcassets; sourceTree = "<group>"; };
		0415459D222EDB5400A00335 /* Base */ = {isa = PBXFileReference; lastKnownFileType = file.storyboard; name = Base; path = Base.lproj/LaunchScreen.storyboard; sourceTree = "<group>"; };
		0415459F222EDB5400A00335 /* Info.plist */ = {isa = PBXFileReference; lastKnownFileType = text.plist.xml; path = Info.plist; sourceTree = "<group>"; };
		041545A922302DB900A00335 /* TestTests.xctest */ = {isa = PBXFileReference; explicitFileType = wrapper.cfbundle; includeInIndex = 0; path = TestTests.xctest; sourceTree = BUILT_PRODUCTS_DIR; };
		041545AB22302DB900A00335 /* TestTests.swift */ = {isa = PBXFileReference; lastKnownFileType = sourcecode.swift; path = TestTests.swift; sourceTree = "<group>"; };
		041545AD22302DB900A00335 /* Info.plist */ = {isa = PBXFileReference; lastKnownFileType = text.plist.xml; path = Info.plist; sourceTree = "<group>"; };
		041545B42230DD3B00A00335 /* Constant.swift */ = {isa = PBXFileReference; lastKnownFileType = sourcecode.swift; path = Constant.swift; sourceTree = "<group>"; };
		132496DDB9BB1144BC7DEEE5 /* Pods-Test.debug.xcconfig */ = {isa = PBXFileReference; includeInIndex = 1; lastKnownFileType = text.xcconfig; name = "Pods-Test.debug.xcconfig"; path = "Pods/Target Support Files/Pods-Test/Pods-Test.debug.xcconfig"; sourceTree = "<group>"; };
		43D71147D278AE45563D6104 /* Pods_Test.framework */ = {isa = PBXFileReference; explicitFileType = wrapper.framework; includeInIndex = 0; path = Pods_Test.framework; sourceTree = BUILT_PRODUCTS_DIR; };
		5BCC47EE222FA26500F5E3FE /* WebService.swift */ = {isa = PBXFileReference; lastKnownFileType = sourcecode.swift; path = WebService.swift; sourceTree = "<group>"; };
		5BCC47F0222FA30A00F5E3FE /* Reachability.swift */ = {isa = PBXFileReference; lastKnownFileType = sourcecode.swift; path = Reachability.swift; sourceTree = "<group>"; };
		5BCC47F3222FA51500F5E3FE /* CountryDetails.swift */ = {isa = PBXFileReference; lastKnownFileType = sourcecode.swift; path = CountryDetails.swift; sourceTree = "<group>"; };
		5BCC47F6222FF1E000F5E3FE /* ProgressHUD.swift */ = {isa = PBXFileReference; lastKnownFileType = sourcecode.swift; path = ProgressHUD.swift; sourceTree = "<group>"; };
		5BCC47F8222FF24F00F5E3FE /* ITUIImageView.swift */ = {isa = PBXFileReference; lastKnownFileType = sourcecode.swift; path = ITUIImageView.swift; sourceTree = "<group>"; };
		5BCC47FB223002AB00F5E3FE /* CountryDetailsTableViewCell.swift */ = {isa = PBXFileReference; lastKnownFileType = sourcecode.swift; path = CountryDetailsTableViewCell.swift; sourceTree = "<group>"; };
		5BEB9C102230F58400E2BC8B /* ImageCache.swift */ = {isa = PBXFileReference; lastKnownFileType = sourcecode.swift; path = ImageCache.swift; sourceTree = "<group>"; };
		F36A5D578118D6A69BC6A637 /* Pods-Test.release.xcconfig */ = {isa = PBXFileReference; includeInIndex = 1; lastKnownFileType = text.xcconfig; name = "Pods-Test.release.xcconfig"; path = "Pods/Target Support Files/Pods-Test/Pods-Test.release.xcconfig"; sourceTree = "<group>"; };
/* End PBXFileReference section */

/* Begin PBXFrameworksBuildPhase section */
		0415458D222EDB5200A00335 /* Frameworks */ = {
			isa = PBXFrameworksBuildPhase;
			buildActionMask = 2147483647;
			files = (
				2DE0E6A246FCCDC39698B72E /* Pods_Test.framework in Frameworks */,
			);
			runOnlyForDeploymentPostprocessing = 0;
		};
		041545A622302DB900A00335 /* Frameworks */ = {
			isa = PBXFrameworksBuildPhase;
			buildActionMask = 2147483647;
			files = (
			);
			runOnlyForDeploymentPostprocessing = 0;
		};
/* End PBXFrameworksBuildPhase section */

/* Begin PBXGroup section */
		04154587222EDB5200A00335 = {
			isa = PBXGroup;
			children = (
				04154592222EDB5200A00335 /* Test */,
				041545AA22302DB900A00335 /* TestTests */,
				04154591222EDB5200A00335 /* Products */,
				E09FAB3695765C32C22BC6A0 /* Pods */,
				DEECD6D4774A5996688D4DE6 /* Frameworks */,
			);
			sourceTree = "<group>";
		};
		04154591222EDB5200A00335 /* Products */ = {
			isa = PBXGroup;
			children = (
				04154590222EDB5200A00335 /* Test.app */,
				041545A922302DB900A00335 /* TestTests.xctest */,
			);
			name = Products;
			sourceTree = "<group>";
		};
		04154592222EDB5200A00335 /* Test */ = {
			isa = PBXGroup;
			children = (
				5BEB9C0F2230F56000E2BC8B /* Custom Classes */,
				041545B32230DD3100A00335 /* Constant */,
				5BCC47FA2230028100F5E3FE /* Cells */,
				5BCC47F5222FF1D800F5E3FE /* Extension */,
				5BCC47F2222FA40E00F5E3FE /* Model */,
				5BCC47ED222FA24F00F5E3FE /* WebServices */,
				04154593222EDB5200A00335 /* AppDelegate.swift */,
				04154595222EDB5200A00335 /* CountryDetailsViewController.swift */,
				0415459A222EDB5400A00335 /* Assets.xcassets */,
				0415459C222EDB5400A00335 /* LaunchScreen.storyboard */,
				0415459F222EDB5400A00335 /* Info.plist */,
			);
			path = Test;
			sourceTree = "<group>";
		};
		041545AA22302DB900A00335 /* TestTests */ = {
			isa = PBXGroup;
			children = (
				041545AB22302DB900A00335 /* TestTests.swift */,
				041545AD22302DB900A00335 /* Info.plist */,
			);
			path = TestTests;
			sourceTree = "<group>";
		};
		041545B32230DD3100A00335 /* Constant */ = {
			isa = PBXGroup;
			children = (
				041545B42230DD3B00A00335 /* Constant.swift */,
			);
			path = Constant;
			sourceTree = "<group>";
		};
		5BCC47ED222FA24F00F5E3FE /* WebServices */ = {
			isa = PBXGroup;
			children = (
				5BCC47EE222FA26500F5E3FE /* WebService.swift */,
				5BCC47F0222FA30A00F5E3FE /* Reachability.swift */,
			);
			path = WebServices;
			sourceTree = "<group>";
		};
		5BCC47F2222FA40E00F5E3FE /* Model */ = {
			isa = PBXGroup;
			children = (
				5BCC47F3222FA51500F5E3FE /* CountryDetails.swift */,
			);
			path = Model;
			sourceTree = "<group>";
		};
		5BCC47F5222FF1D800F5E3FE /* Extension */ = {
			isa = PBXGroup;
			children = (
				5BCC47F6222FF1E000F5E3FE /* ProgressHUD.swift */,
				5BCC47F8222FF24F00F5E3FE /* ITUIImageView.swift */,
			);
			path = Extension;
			sourceTree = "<group>";
		};
		5BCC47FA2230028100F5E3FE /* Cells */ = {
			isa = PBXGroup;
			children = (
				5BCC47FB223002AB00F5E3FE /* CountryDetailsTableViewCell.swift */,
			);
			path = Cells;
			sourceTree = "<group>";
		};
		5BEB9C0F2230F56000E2BC8B /* Custom Classes */ = {
			isa = PBXGroup;
			children = (
				5BEB9C102230F58400E2BC8B /* ImageCache.swift */,
			);
			path = "Custom Classes";
			sourceTree = "<group>";
		};
		DEECD6D4774A5996688D4DE6 /* Frameworks */ = {
			isa = PBXGroup;
			children = (
				43D71147D278AE45563D6104 /* Pods_Test.framework */,
			);
			name = Frameworks;
			sourceTree = "<group>";
		};
		E09FAB3695765C32C22BC6A0 /* Pods */ = {
			isa = PBXGroup;
			children = (
				132496DDB9BB1144BC7DEEE5 /* Pods-Test.debug.xcconfig */,
				F36A5D578118D6A69BC6A637 /* Pods-Test.release.xcconfig */,
			);
			name = Pods;
			sourceTree = "<group>";
		};
/* End PBXGroup section */

/* Begin PBXNativeTarget section */
		0415458F222EDB5200A00335 /* Test */ = {
			isa = PBXNativeTarget;
			buildConfigurationList = 041545A2222EDB5400A00335 /* Build configuration list for PBXNativeTarget "Test" */;
			buildPhases = (
				BB863C66E7CA216AF9F15F7B /* [CP] Check Pods Manifest.lock */,
				0415458C222EDB5200A00335 /* Sources */,
				0415458D222EDB5200A00335 /* Frameworks */,
				0415458E222EDB5200A00335 /* Resources */,
				F39306201F75049C947779F4 /* [CP] Embed Pods Frameworks */,
			);
			buildRules = (
			);
			dependencies = (
			);
			name = Test;
			productName = Test;
			productReference = 04154590222EDB5200A00335 /* Test.app */;
			productType = "com.apple.product-type.application";
		};
		041545A822302DB900A00335 /* TestTests */ = {
			isa = PBXNativeTarget;
			buildConfigurationList = 041545B222302DBA00A00335 /* Build configuration list for PBXNativeTarget "TestTests" */;
			buildPhases = (
				041545A522302DB900A00335 /* Sources */,
				041545A622302DB900A00335 /* Frameworks */,
				041545A722302DB900A00335 /* Resources */,
			);
			buildRules = (
			);
			dependencies = (
				041545AF22302DB900A00335 /* PBXTargetDependency */,
			);
			name = TestTests;
			productName = TestTests;
			productReference = 041545A922302DB900A00335 /* TestTests.xctest */;
			productType = "com.apple.product-type.bundle.unit-test";
		};
/* End PBXNativeTarget section */

/* Begin PBXProject section */
		04154588222EDB5200A00335 /* Project object */ = {
			isa = PBXProject;
			attributes = {
				LastSwiftUpdateCheck = 1010;
				LastUpgradeCheck = 1010;
				ORGANIZATIONNAME = Infosys;
				TargetAttributes = {
					0415458F222EDB5200A00335 = {
						CreatedOnToolsVersion = 10.1;
					};
					041545A822302DB900A00335 = {
						CreatedOnToolsVersion = 10.1;
						TestTargetID = 0415458F222EDB5200A00335;
					};
				};
			};
			buildConfigurationList = 0415458B222EDB5200A00335 /* Build configuration list for PBXProject "Test" */;
			compatibilityVersion = "Xcode 9.3";
			developmentRegion = en;
			hasScannedForEncodings = 0;
			knownRegions = (
				en,
				Base,
			);
			mainGroup = 04154587222EDB5200A00335;
			productRefGroup = 04154591222EDB5200A00335 /* Products */;
			projectDirPath = "";
			projectRoot = "";
			targets = (
				0415458F222EDB5200A00335 /* Test */,
				041545A822302DB900A00335 /* TestTests */,
			);
		};
/* End PBXProject section */

/* Begin PBXResourcesBuildPhase section */
		0415458E222EDB5200A00335 /* Resources */ = {
			isa = PBXResourcesBuildPhase;
			buildActionMask = 2147483647;
			files = (
				0415459E222EDB5400A00335 /* LaunchScreen.storyboard in Resources */,
				0415459B222EDB5400A00335 /* Assets.xcassets in Resources */,
			);
			runOnlyForDeploymentPostprocessing = 0;
		};
		041545A722302DB900A00335 /* Resources */ = {
			isa = PBXResourcesBuildPhase;
			buildActionMask = 2147483647;
			files = (
			);
			runOnlyForDeploymentPostprocessing = 0;
		};
/* End PBXResourcesBuildPhase section */

/* Begin PBXShellScriptBuildPhase section */
		BB863C66E7CA216AF9F15F7B /* [CP] Check Pods Manifest.lock */ = {
			isa = PBXShellScriptBuildPhase;
			buildActionMask = 2147483647;
			files = (
			);
			inputFileListPaths = (
			);
			inputPaths = (
				"${PODS_PODFILE_DIR_PATH}/Podfile.lock",
				"${PODS_ROOT}/Manifest.lock",
			);
			name = "[CP] Check Pods Manifest.lock";
			outputFileListPaths = (
			);
			outputPaths = (
				"$(DERIVED_FILE_DIR)/Pods-Test-checkManifestLockResult.txt",
			);
			runOnlyForDeploymentPostprocessing = 0;
			shellPath = /bin/sh;
			shellScript = "diff \"${PODS_PODFILE_DIR_PATH}/Podfile.lock\" \"${PODS_ROOT}/Manifest.lock\" > /dev/null\nif [ $? != 0 ] ; then\n    # print error to STDERR\n    echo \"error: The sandbox is not in sync with the Podfile.lock. Run 'pod install' or update your CocoaPods installation.\" >&2\n    exit 1\nfi\n# This output is used by Xcode 'outputs' to avoid re-running this script phase.\necho \"SUCCESS\" > \"${SCRIPT_OUTPUT_FILE_0}\"\n";
			showEnvVarsInLog = 0;
		};
		F39306201F75049C947779F4 /* [CP] Embed Pods Frameworks */ = {
			isa = PBXShellScriptBuildPhase;
			buildActionMask = 2147483647;
			files = (
			);
			inputFileListPaths = (
			);
			inputPaths = (
				"${SRCROOT}/Pods/Target Support Files/Pods-Test/Pods-Test-frameworks.sh",
				"${BUILT_PRODUCTS_DIR}/SnapKit/SnapKit.framework",
				"${BUILT_PRODUCTS_DIR}/SwiftyJSON/SwiftyJSON.framework",
			);
			name = "[CP] Embed Pods Frameworks";
			outputFileListPaths = (
			);
			outputPaths = (
				"${TARGET_BUILD_DIR}/${FRAMEWORKS_FOLDER_PATH}/SnapKit.framework",
				"${TARGET_BUILD_DIR}/${FRAMEWORKS_FOLDER_PATH}/SwiftyJSON.framework",
			);
			runOnlyForDeploymentPostprocessing = 0;
			shellPath = /bin/sh;
			shellScript = "\"${SRCROOT}/Pods/Target Support Files/Pods-Test/Pods-Test-frameworks.sh\"\n";
			showEnvVarsInLog = 0;
		};
/* End PBXShellScriptBuildPhase section */

/* Begin PBXSourcesBuildPhase section */
		0415458C222EDB5200A00335 /* Sources */ = {
			isa = PBXSourcesBuildPhase;
			buildActionMask = 2147483647;
			files = (
				5BEB9C112230F58400E2BC8B /* ImageCache.swift in Sources */,
				5BCC47EF222FA26500F5E3FE /* WebService.swift in Sources */,
				04154596222EDB5200A00335 /* CountryDetailsViewController.swift in Sources */,
				041545B52230DD3B00A00335 /* Constant.swift in Sources */,
				5BCC47F7222FF1E000F5E3FE /* ProgressHUD.swift in Sources */,
				5BCC47F1222FA30A00F5E3FE /* Reachability.swift in Sources */,
				5BCC47FC223002AB00F5E3FE /* CountryDetailsTableViewCell.swift in Sources */,
				5BCC47F4222FA51500F5E3FE /* CountryDetails.swift in Sources */,
				04154594222EDB5200A00335 /* AppDelegate.swift in Sources */,
				5BCC47F9222FF24F00F5E3FE /* ITUIImageView.swift in Sources */,
			);
			runOnlyForDeploymentPostprocessing = 0;
		};
		041545A522302DB900A00335 /* Sources */ = {
			isa = PBXSourcesBuildPhase;
			buildActionMask = 2147483647;
			files = (
				041545AC22302DB900A00335 /* TestTests.swift in Sources */,
			);
			runOnlyForDeploymentPostprocessing = 0;
		};
/* End PBXSourcesBuildPhase section */

/* Begin PBXTargetDependency section */
		041545AF22302DB900A00335 /* PBXTargetDependency */ = {
			isa = PBXTargetDependency;
			target = 0415458F222EDB5200A00335 /* Test */;
			targetProxy = 041545AE22302DB900A00335 /* PBXContainerItemProxy */;
		};
/* End PBXTargetDependency section */

/* Begin PBXVariantGroup section */
		0415459C222EDB5400A00335 /* LaunchScreen.storyboard */ = {
			isa = PBXVariantGroup;
			children = (
				0415459D222EDB5400A00335 /* Base */,
			);
			name = LaunchScreen.storyboard;
			sourceTree = "<group>";
		};
/* End PBXVariantGroup section */

/* Begin XCBuildConfiguration section */
		041545A0222EDB5400A00335 /* Debug */ = {
			isa = XCBuildConfiguration;
			buildSettings = {
				ALWAYS_SEARCH_USER_PATHS = NO;
				CLANG_ANALYZER_NONNULL = YES;
				CLANG_ANALYZER_NUMBER_OBJECT_CONVERSION = YES_AGGRESSIVE;
				CLANG_CXX_LANGUAGE_STANDARD = "gnu++14";
				CLANG_CXX_LIBRARY = "libc++";
				CLANG_ENABLE_MODULES = YES;
				CLANG_ENABLE_OBJC_ARC = YES;
				CLANG_ENABLE_OBJC_WEAK = YES;
				CLANG_WARN_BLOCK_CAPTURE_AUTORELEASING = YES;
				CLANG_WARN_BOOL_CONVERSION = YES;
				CLANG_WARN_COMMA = YES;
				CLANG_WARN_CONSTANT_CONVERSION = YES;
				CLANG_WARN_DEPRECATED_OBJC_IMPLEMENTATIONS = YES;
				CLANG_WARN_DIRECT_OBJC_ISA_USAGE = YES_ERROR;
				CLANG_WARN_DOCUMENTATION_COMMENTS = YES;
				CLANG_WARN_EMPTY_BODY = YES;
				CLANG_WARN_ENUM_CONVERSION = YES;
				CLANG_WARN_INFINITE_RECURSION = YES;
				CLANG_WARN_INT_CONVERSION = YES;
				CLANG_WARN_NON_LITERAL_NULL_CONVERSION = YES;
				CLANG_WARN_OBJC_IMPLICIT_RETAIN_SELF = YES;
				CLANG_WARN_OBJC_LITERAL_CONVERSION = YES;
				CLANG_WARN_OBJC_ROOT_CLASS = YES_ERROR;
				CLANG_WARN_RANGE_LOOP_ANALYSIS = YES;
				CLANG_WARN_STRICT_PROTOTYPES = YES;
				CLANG_WARN_SUSPICIOUS_MOVE = YES;
				CLANG_WARN_UNGUARDED_AVAILABILITY = YES_AGGRESSIVE;
				CLANG_WARN_UNREACHABLE_CODE = YES;
				CLANG_WARN__DUPLICATE_METHOD_MATCH = YES;
				CODE_SIGN_IDENTITY = "iPhone Developer";
				COPY_PHASE_STRIP = NO;
				DEBUG_INFORMATION_FORMAT = dwarf;
				ENABLE_STRICT_OBJC_MSGSEND = YES;
				ENABLE_TESTABILITY = YES;
				GCC_C_LANGUAGE_STANDARD = gnu11;
				GCC_DYNAMIC_NO_PIC = NO;
				GCC_NO_COMMON_BLOCKS = YES;
				GCC_OPTIMIZATION_LEVEL = 0;
				GCC_PREPROCESSOR_DEFINITIONS = (
					"DEBUG=1",
					"$(inherited)",
				);
				GCC_WARN_64_TO_32_BIT_CONVERSION = YES;
				GCC_WARN_ABOUT_RETURN_TYPE = YES_ERROR;
				GCC_WARN_UNDECLARED_SELECTOR = YES;
				GCC_WARN_UNINITIALIZED_AUTOS = YES_AGGRESSIVE;
				GCC_WARN_UNUSED_FUNCTION = YES;
				GCC_WARN_UNUSED_VARIABLE = YES;
				IPHONEOS_DEPLOYMENT_TARGET = 12.1;
				MTL_ENABLE_DEBUG_INFO = INCLUDE_SOURCE;
				MTL_FAST_MATH = YES;
				ONLY_ACTIVE_ARCH = YES;
				SDKROOT = iphoneos;
				SWIFT_ACTIVE_COMPILATION_CONDITIONS = DEBUG;
				SWIFT_OPTIMIZATION_LEVEL = "-Onone";
			};
			name = Debug;
		};
		041545A1222EDB5400A00335 /* Release */ = {
			isa = XCBuildConfiguration;
			buildSettings = {
				ALWAYS_SEARCH_USER_PATHS = NO;
				CLANG_ANALYZER_NONNULL = YES;
				CLANG_ANALYZER_NUMBER_OBJECT_CONVERSION = YES_AGGRESSIVE;
				CLANG_CXX_LANGUAGE_STANDARD = "gnu++14";
				CLANG_CXX_LIBRARY = "libc++";
				CLANG_ENABLE_MODULES = YES;
				CLANG_ENABLE_OBJC_ARC = YES;
				CLANG_ENABLE_OBJC_WEAK = YES;
				CLANG_WARN_BLOCK_CAPTURE_AUTORELEASING = YES;
				CLANG_WARN_BOOL_CONVERSION = YES;
				CLANG_WARN_COMMA = YES;
				CLANG_WARN_CONSTANT_CONVERSION = YES;
				CLANG_WARN_DEPRECATED_OBJC_IMPLEMENTATIONS = YES;
				CLANG_WARN_DIRECT_OBJC_ISA_USAGE = YES_ERROR;
				CLANG_WARN_DOCUMENTATION_COMMENTS = YES;
				CLANG_WARN_EMPTY_BODY = YES;
				CLANG_WARN_ENUM_CONVERSION = YES;
				CLANG_WARN_INFINITE_RECURSION = YES;
				CLANG_WARN_INT_CONVERSION = YES;
				CLANG_WARN_NON_LITERAL_NULL_CONVERSION = YES;
				CLANG_WARN_OBJC_IMPLICIT_RETAIN_SELF = YES;
				CLANG_WARN_OBJC_LITERAL_CONVERSION = YES;
				CLANG_WARN_OBJC_ROOT_CLASS = YES_ERROR;
				CLANG_WARN_RANGE_LOOP_ANALYSIS = YES;
				CLANG_WARN_STRICT_PROTOTYPES = YES;
				CLANG_WARN_SUSPICIOUS_MOVE = YES;
				CLANG_WARN_UNGUARDED_AVAILABILITY = YES_AGGRESSIVE;
				CLANG_WARN_UNREACHABLE_CODE = YES;
				CLANG_WARN__DUPLICATE_METHOD_MATCH = YES;
				CODE_SIGN_IDENTITY = "iPhone Developer";
				COPY_PHASE_STRIP = NO;
				DEBUG_INFORMATION_FORMAT = "dwarf-with-dsym";
				ENABLE_NS_ASSERTIONS = NO;
				ENABLE_STRICT_OBJC_MSGSEND = YES;
				GCC_C_LANGUAGE_STANDARD = gnu11;
				GCC_NO_COMMON_BLOCKS = YES;
				GCC_WARN_64_TO_32_BIT_CONVERSION = YES;
				GCC_WARN_ABOUT_RETURN_TYPE = YES_ERROR;
				GCC_WARN_UNDECLARED_SELECTOR = YES;
				GCC_WARN_UNINITIALIZED_AUTOS = YES_AGGRESSIVE;
				GCC_WARN_UNUSED_FUNCTION = YES;
				GCC_WARN_UNUSED_VARIABLE = YES;
				IPHONEOS_DEPLOYMENT_TARGET = 12.1;
				MTL_ENABLE_DEBUG_INFO = NO;
				MTL_FAST_MATH = YES;
				SDKROOT = iphoneos;
				SWIFT_COMPILATION_MODE = wholemodule;
				SWIFT_OPTIMIZATION_LEVEL = "-O";
				VALIDATE_PRODUCT = YES;
			};
			name = Release;
		};
		041545A3222EDB5400A00335 /* Debug */ = {
			isa = XCBuildConfiguration;
			baseConfigurationReference = 132496DDB9BB1144BC7DEEE5 /* Pods-Test.debug.xcconfig */;
			buildSettings = {
				ASSETCATALOG_COMPILER_APPICON_NAME = AppIcon;
				CODE_SIGN_STYLE = Automatic;
				INFOPLIST_FILE = Test/Info.plist;
				IPHONEOS_DEPLOYMENT_TARGET = 10.0;
				LD_RUNPATH_SEARCH_PATHS = (
					"$(inherited)",
					"@executable_path/Frameworks",
				);
				PRODUCT_BUNDLE_IDENTIFIER = com.Infosys.Test;
				PRODUCT_NAME = "$(TARGET_NAME)";
				SWIFT_VERSION = 4.2;
				TARGETED_DEVICE_FAMILY = "1,2";
			};
			name = Debug;
		};
		041545A4222EDB5400A00335 /* Release */ = {
			isa = XCBuildConfiguration;
			baseConfigurationReference = F36A5D578118D6A69BC6A637 /* Pods-Test.release.xcconfig */;
			buildSettings = {
				ASSETCATALOG_COMPILER_APPICON_NAME = AppIcon;
				CODE_SIGN_STYLE = Automatic;
				INFOPLIST_FILE = Test/Info.plist;
				IPHONEOS_DEPLOYMENT_TARGET = 10.0;
				LD_RUNPATH_SEARCH_PATHS = (
					"$(inherited)",
					"@executable_path/Frameworks",
				);
				PRODUCT_BUNDLE_IDENTIFIER = com.Infosys.Test;
				PRODUCT_NAME = "$(TARGET_NAME)";
				SWIFT_VERSION = 4.2;
				TARGETED_DEVICE_FAMILY = "1,2";
			};
			name = Release;
		};
		041545B022302DB900A00335 /* Debug */ = {
			isa = XCBuildConfiguration;
			buildSettings = {
				BUNDLE_LOADER = "$(TEST_HOST)";
				CODE_SIGN_STYLE = Automatic;
				INFOPLIST_FILE = TestTests/Info.plist;
				LD_RUNPATH_SEARCH_PATHS = (
					"$(inherited)",
					"@executable_path/Frameworks",
					"@loader_path/Frameworks",
				);
				PRODUCT_BUNDLE_IDENTIFIER = com.Infosys.TestTests;
				PRODUCT_NAME = "$(TARGET_NAME)";
				SWIFT_VERSION = 4.2;
				TARGETED_DEVICE_FAMILY = "1,2";
				TEST_HOST = "$(BUILT_PRODUCTS_DIR)/Test.app/Test";
			};
			name = Debug;
		};
		041545B122302DB900A00335 /* Release */ = {
			isa = XCBuildConfiguration;
			buildSettings = {
				BUNDLE_LOADER = "$(TEST_HOST)";
				CODE_SIGN_STYLE = Automatic;
				INFOPLIST_FILE = TestTests/Info.plist;
				LD_RUNPATH_SEARCH_PATHS = (
					"$(inherited)",
					"@executable_path/Frameworks",
					"@loader_path/Frameworks",
				);
				PRODUCT_BUNDLE_IDENTIFIER = com.Infosys.TestTests;
				PRODUCT_NAME = "$(TARGET_NAME)";
				SWIFT_VERSION = 4.2;
				TARGETED_DEVICE_FAMILY = "1,2";
				TEST_HOST = "$(BUILT_PRODUCTS_DIR)/Test.app/Test";
			};
			name = Release;
		};
/* End XCBuildConfiguration section */

/* Begin XCConfigurationList section */
		0415458B222EDB5200A00335 /* Build configuration list for PBXProject "Test" */ = {
			isa = XCConfigurationList;
			buildConfigurations = (
				041545A0222EDB5400A00335 /* Debug */,
				041545A1222EDB5400A00335 /* Release */,
			);
			defaultConfigurationIsVisible = 0;
			defaultConfigurationName = Release;
		};
		041545A2222EDB5400A00335 /* Build configuration list for PBXNativeTarget "Test" */ = {
			isa = XCConfigurationList;
			buildConfigurations = (
				041545A3222EDB5400A00335 /* Debug */,
				041545A4222EDB5400A00335 /* Release */,
			);
			defaultConfigurationIsVisible = 0;
			defaultConfigurationName = Release;
		};
		041545B222302DBA00A00335 /* Build configuration list for PBXNativeTarget "TestTests" */ = {
			isa = XCConfigurationList;
			buildConfigurations = (
				041545B022302DB900A00335 /* Debug */,
				041545B122302DB900A00335 /* Release */,
			);
			defaultConfigurationIsVisible = 0;
			defaultConfigurationName = Release;
		};
/* End XCConfigurationList section */
	};
	rootObject = 04154588222EDB5200A00335 /* Project object */;
}
